// !$*UTF8*$!
{
	archiveVersion = 1;
	classes = {
	};
	objectVersion = 56;
	objects = {

/* Begin PBXBuildFile section */
		571F864F29DF0A4F00F06DE8 /* SearchViewController.swift in Sources */ = {isa = PBXBuildFile; fileRef = 571F864E29DF0A4F00F06DE8 /* SearchViewController.swift */; };
		575DEB4429E606E500E425E2 /* NewsAppTests.swift in Sources */ = {isa = PBXBuildFile; fileRef = 575DEB4329E606E500E425E2 /* NewsAppTests.swift */; };
		575DEB4B29E6110B00E425E2 /* GoogleService-Info.plist in Resources */ = {isa = PBXBuildFile; fileRef = 575DEB4A29E6110B00E425E2 /* GoogleService-Info.plist */; };
		575DEB4E29E6141A00E425E2 /* FirebaseAnalytics in Frameworks */ = {isa = PBXBuildFile; productRef = 575DEB4D29E6141A00E425E2 /* FirebaseAnalytics */; };
		575DEB5029E6141A00E425E2 /* FirebaseAuth in Frameworks */ = {isa = PBXBuildFile; productRef = 575DEB4F29E6141A00E425E2 /* FirebaseAuth */; };
		575DEB5429E6BD4800E425E2 /* BookmarksViewController.swift in Sources */ = {isa = PBXBuildFile; fileRef = 575DEB5329E6BD4800E425E2 /* BookmarksViewController.swift */; };
		575DEB5629E6C0DF00E425E2 /* WebNiewsViewController.swift in Sources */ = {isa = PBXBuildFile; fileRef = 575DEB5529E6C0DF00E425E2 /* WebNiewsViewController.swift */; };
		575DEB5A29E7660300E425E2 /* CoreDataModel.xcdatamodeld in Sources */ = {isa = PBXBuildFile; fileRef = 575DEB5829E7660300E425E2 /* CoreDataModel.xcdatamodeld */; };
		575DEB5C29E8117200E425E2 /* CoreDataStack.swift in Sources */ = {isa = PBXBuildFile; fileRef = 575DEB5B29E8117200E425E2 /* CoreDataStack.swift */; };
		575DEB5E29E8156600E425E2 /* CD_Article.swift in Sources */ = {isa = PBXBuildFile; fileRef = 575DEB5D29E8156600E425E2 /* CD_Article.swift */; };
		575DEB6029E8237900E425E2 /* CD_ArticleRepository.swift in Sources */ = {isa = PBXBuildFile; fileRef = 575DEB5F29E8237900E425E2 /* CD_ArticleRepository.swift */; };
		577BE33629D5A819001DA88A /* NewsAPIHelper.swift in Sources */ = {isa = PBXBuildFile; fileRef = 577BE33529D5A819001DA88A /* NewsAPIHelper.swift */; };
		577BE33929D5A876001DA88A /* Alamofire in Frameworks */ = {isa = PBXBuildFile; productRef = 577BE33829D5A876001DA88A /* Alamofire */; };
		577BE33B29D5A8A7001DA88A /* NewsAPIResult.swift in Sources */ = {isa = PBXBuildFile; fileRef = 577BE33A29D5A8A7001DA88A /* NewsAPIResult.swift */; };
		577BE33D29D5B7D8001DA88A /* NewsTableViewCell.swift in Sources */ = {isa = PBXBuildFile; fileRef = 577BE33C29D5B7D8001DA88A /* NewsTableViewCell.swift */; };
		57AFBA8A29E9FFD500D50F15 /* CustomCollectionViewCell.swift in Sources */ = {isa = PBXBuildFile; fileRef = 57AFBA8929E9FFD500D50F15 /* CustomCollectionViewCell.swift */; };
		57CACF0E29CF8684008D17E3 /* AppDelegate.swift in Sources */ = {isa = PBXBuildFile; fileRef = 57CACF0D29CF8684008D17E3 /* AppDelegate.swift */; };
		57CACF1029CF8684008D17E3 /* SceneDelegate.swift in Sources */ = {isa = PBXBuildFile; fileRef = 57CACF0F29CF8684008D17E3 /* SceneDelegate.swift */; };
		57CACF1229CF8684008D17E3 /* MainViewController.swift in Sources */ = {isa = PBXBuildFile; fileRef = 57CACF1129CF8684008D17E3 /* MainViewController.swift */; };
		57CACF1529CF8684008D17E3 /* Main.storyboard in Resources */ = {isa = PBXBuildFile; fileRef = 57CACF1329CF8684008D17E3 /* Main.storyboard */; };
		57CACF1A29CF868A008D17E3 /* Assets.xcassets in Resources */ = {isa = PBXBuildFile; fileRef = 57CACF1929CF868A008D17E3 /* Assets.xcassets */; };
		57CACF1D29CF868A008D17E3 /* LaunchScreen.storyboard in Resources */ = {isa = PBXBuildFile; fileRef = 57CACF1B29CF868A008D17E3 /* LaunchScreen.storyboard */; };
		57E5E33529EAC037008FBA45 /* Lottie in Frameworks */ = {isa = PBXBuildFile; productRef = 57E5E33429EAC037008FBA45 /* Lottie */; };
		57E5E33729EACDB3008FBA45 /* news.json in Resources */ = {isa = PBXBuildFile; fileRef = 57E5E33629EACDB3008FBA45 /* news.json */; };
/* End PBXBuildFile section */

/* Begin PBXContainerItemProxy section */
		575DEB4529E606E500E425E2 /* PBXContainerItemProxy */ = {
			isa = PBXContainerItemProxy;
			containerPortal = 57CACF0229CF8684008D17E3 /* Project object */;
			proxyType = 1;
			remoteGlobalIDString = 57CACF0929CF8684008D17E3;
			remoteInfo = NewsApp;
		};
/* End PBXContainerItemProxy section */

/* Begin PBXFileReference section */
		571F864E29DF0A4F00F06DE8 /* SearchViewController.swift */ = {isa = PBXFileReference; lastKnownFileType = sourcecode.swift; path = SearchViewController.swift; sourceTree = "<group>"; };
		575DEB4129E606E500E425E2 /* NewsAppTests.xctest */ = {isa = PBXFileReference; explicitFileType = wrapper.cfbundle; includeInIndex = 0; path = NewsAppTests.xctest; sourceTree = BUILT_PRODUCTS_DIR; };
		575DEB4329E606E500E425E2 /* NewsAppTests.swift */ = {isa = PBXFileReference; lastKnownFileType = sourcecode.swift; path = NewsAppTests.swift; sourceTree = "<group>"; };
		575DEB4A29E6110B00E425E2 /* GoogleService-Info.plist */ = {isa = PBXFileReference; fileEncoding = 4; lastKnownFileType = text.plist.xml; path = "GoogleService-Info.plist"; sourceTree = "<group>"; };
		575DEB5329E6BD4800E425E2 /* BookmarksViewController.swift */ = {isa = PBXFileReference; lastKnownFileType = sourcecode.swift; path = BookmarksViewController.swift; sourceTree = "<group>"; };
		575DEB5529E6C0DF00E425E2 /* WebNiewsViewController.swift */ = {isa = PBXFileReference; lastKnownFileType = sourcecode.swift; path = WebNiewsViewController.swift; sourceTree = "<group>"; };
		575DEB5929E7660300E425E2 /* CoreDataModel.xcdatamodel */ = {isa = PBXFileReference; lastKnownFileType = wrapper.xcdatamodel; path = CoreDataModel.xcdatamodel; sourceTree = "<group>"; };
		575DEB5B29E8117200E425E2 /* CoreDataStack.swift */ = {isa = PBXFileReference; lastKnownFileType = sourcecode.swift; path = CoreDataStack.swift; sourceTree = "<group>"; };
		575DEB5D29E8156600E425E2 /* CD_Article.swift */ = {isa = PBXFileReference; lastKnownFileType = sourcecode.swift; path = CD_Article.swift; sourceTree = "<group>"; };
		575DEB5F29E8237900E425E2 /* CD_ArticleRepository.swift */ = {isa = PBXFileReference; lastKnownFileType = sourcecode.swift; path = CD_ArticleRepository.swift; sourceTree = "<group>"; };
		577BE33529D5A819001DA88A /* NewsAPIHelper.swift */ = {isa = PBXFileReference; lastKnownFileType = sourcecode.swift; path = NewsAPIHelper.swift; sourceTree = "<group>"; };
		577BE33A29D5A8A7001DA88A /* NewsAPIResult.swift */ = {isa = PBXFileReference; lastKnownFileType = sourcecode.swift; path = NewsAPIResult.swift; sourceTree = "<group>"; };
		577BE33C29D5B7D8001DA88A /* NewsTableViewCell.swift */ = {isa = PBXFileReference; lastKnownFileType = sourcecode.swift; path = NewsTableViewCell.swift; sourceTree = "<group>"; };
		57AFBA8929E9FFD500D50F15 /* CustomCollectionViewCell.swift */ = {isa = PBXFileReference; lastKnownFileType = sourcecode.swift; path = CustomCollectionViewCell.swift; sourceTree = "<group>"; };
		57CACF0A29CF8684008D17E3 /* NewsApp.app */ = {isa = PBXFileReference; explicitFileType = wrapper.application; includeInIndex = 0; path = NewsApp.app; sourceTree = BUILT_PRODUCTS_DIR; };
		57CACF0D29CF8684008D17E3 /* AppDelegate.swift */ = {isa = PBXFileReference; lastKnownFileType = sourcecode.swift; path = AppDelegate.swift; sourceTree = "<group>"; };
		57CACF0F29CF8684008D17E3 /* SceneDelegate.swift */ = {isa = PBXFileReference; lastKnownFileType = sourcecode.swift; path = SceneDelegate.swift; sourceTree = "<group>"; };
		57CACF1129CF8684008D17E3 /* MainViewController.swift */ = {isa = PBXFileReference; lastKnownFileType = sourcecode.swift; path = MainViewController.swift; sourceTree = "<group>"; };
		57CACF1429CF8684008D17E3 /* Base */ = {isa = PBXFileReference; lastKnownFileType = file.storyboard; name = Base; path = Base.lproj/Main.storyboard; sourceTree = "<group>"; };
		57CACF1929CF868A008D17E3 /* Assets.xcassets */ = {isa = PBXFileReference; lastKnownFileType = folder.assetcatalog; path = Assets.xcassets; sourceTree = "<group>"; };
		57CACF1C29CF868A008D17E3 /* Base */ = {isa = PBXFileReference; lastKnownFileType = file.storyboard; name = Base; path = Base.lproj/LaunchScreen.storyboard; sourceTree = "<group>"; };
		57CACF1E29CF868A008D17E3 /* Info.plist */ = {isa = PBXFileReference; lastKnownFileType = text.plist.xml; path = Info.plist; sourceTree = "<group>"; };
		57E5E33629EACDB3008FBA45 /* news.json */ = {isa = PBXFileReference; fileEncoding = 4; lastKnownFileType = text.json; path = news.json; sourceTree = "<group>"; };
/* End PBXFileReference section */

/* Begin PBXFrameworksBuildPhase section */
		575DEB3E29E606E500E425E2 /* Frameworks */ = {
			isa = PBXFrameworksBuildPhase;
			buildActionMask = 2147483647;
			files = (
			);
			runOnlyForDeploymentPostprocessing = 0;
		};
		57CACF0729CF8684008D17E3 /* Frameworks */ = {
			isa = PBXFrameworksBuildPhase;
			buildActionMask = 2147483647;
			files = (
				575DEB4E29E6141A00E425E2 /* FirebaseAnalytics in Frameworks */,
				575DEB5029E6141A00E425E2 /* FirebaseAuth in Frameworks */,
				577BE33929D5A876001DA88A /* Alamofire in Frameworks */,
				57E5E33529EAC037008FBA45 /* Lottie in Frameworks */,
			);
			runOnlyForDeploymentPostprocessing = 0;
		};
/* End PBXFrameworksBuildPhase section */

/* Begin PBXGroup section */
		575DEB4229E606E500E425E2 /* NewsAppTests */ = {
			isa = PBXGroup;
			children = (
				575DEB4329E606E500E425E2 /* NewsAppTests.swift */,
			);
			path = NewsAppTests;
			sourceTree = "<group>";
		};
		575DEB5729E7658200E425E2 /* CoreData */ = {
			isa = PBXGroup;
			children = (
				575DEB5829E7660300E425E2 /* CoreDataModel.xcdatamodeld */,
				575DEB5B29E8117200E425E2 /* CoreDataStack.swift */,
				575DEB5D29E8156600E425E2 /* CD_Article.swift */,
				575DEB5F29E8237900E425E2 /* CD_ArticleRepository.swift */,
			);
			path = CoreData;
			sourceTree = "<group>";
		};
		5761D6D929CF8C5B00A2E262 /* Controllers */ = {
			isa = PBXGroup;
			children = (
				57CACF1129CF8684008D17E3 /* MainViewController.swift */,
				571F864E29DF0A4F00F06DE8 /* SearchViewController.swift */,
				575DEB5329E6BD4800E425E2 /* BookmarksViewController.swift */,
				575DEB5529E6C0DF00E425E2 /* WebNiewsViewController.swift */,
			);
			path = Controllers;
			sourceTree = "<group>";
		};
		5761D6DA29CF8C6B00A2E262 /* Views */ = {
			isa = PBXGroup;
			children = (
				57CACF1329CF8684008D17E3 /* Main.storyboard */,
				57CACF1B29CF868A008D17E3 /* LaunchScreen.storyboard */,
				577BE33C29D5B7D8001DA88A /* NewsTableViewCell.swift */,
				57AFBA8929E9FFD500D50F15 /* CustomCollectionViewCell.swift */,
			);
			path = Views;
			sourceTree = "<group>";
		};
		5761D6DB29CF8C7400A2E262 /* Models */ = {
			isa = PBXGroup;
			children = (
				577BE33529D5A819001DA88A /* NewsAPIHelper.swift */,
				577BE33A29D5A8A7001DA88A /* NewsAPIResult.swift */,
			);
			path = Models;
			sourceTree = "<group>";
		};
		5761D6DC29CF8CB500A2E262 /* Others */ = {
			isa = PBXGroup;
			children = (
				57CACF0D29CF8684008D17E3 /* AppDelegate.swift */,
				57CACF0F29CF8684008D17E3 /* SceneDelegate.swift */,
				57CACF1929CF868A008D17E3 /* Assets.xcassets */,
				57E5E33629EACDB3008FBA45 /* news.json */,
				57CACF1E29CF868A008D17E3 /* Info.plist */,
				575DEB4A29E6110B00E425E2 /* GoogleService-Info.plist */,
			);
			path = Others;
			sourceTree = "<group>";
		};
		57CACF0129CF8684008D17E3 = {
			isa = PBXGroup;
			children = (
				57CACF0C29CF8684008D17E3 /* NewsApp */,
				575DEB4229E606E500E425E2 /* NewsAppTests */,
				57CACF0B29CF8684008D17E3 /* Products */,
			);
			sourceTree = "<group>";
		};
		57CACF0B29CF8684008D17E3 /* Products */ = {
			isa = PBXGroup;
			children = (
				57CACF0A29CF8684008D17E3 /* NewsApp.app */,
				575DEB4129E606E500E425E2 /* NewsAppTests.xctest */,
			);
			name = Products;
			sourceTree = "<group>";
		};
		57CACF0C29CF8684008D17E3 /* NewsApp */ = {
			isa = PBXGroup;
			children = (
				5761D6DB29CF8C7400A2E262 /* Models */,
				5761D6DA29CF8C6B00A2E262 /* Views */,
				5761D6D929CF8C5B00A2E262 /* Controllers */,
				5761D6DC29CF8CB500A2E262 /* Others */,
				575DEB5729E7658200E425E2 /* CoreData */,
			);
			path = NewsApp;
			sourceTree = "<group>";
		};
/* End PBXGroup section */

/* Begin PBXNativeTarget section */
		575DEB4029E606E500E425E2 /* NewsAppTests */ = {
			isa = PBXNativeTarget;
			buildConfigurationList = 575DEB4929E606E500E425E2 /* Build configuration list for PBXNativeTarget "NewsAppTests" */;
			buildPhases = (
				575DEB3D29E606E500E425E2 /* Sources */,
				575DEB3E29E606E500E425E2 /* Frameworks */,
				575DEB3F29E606E500E425E2 /* Resources */,
			);
			buildRules = (
			);
			dependencies = (
				575DEB4629E606E500E425E2 /* PBXTargetDependency */,
			);
			name = NewsAppTests;
			productName = NewsAppTests;
			productReference = 575DEB4129E606E500E425E2 /* NewsAppTests.xctest */;
			productType = "com.apple.product-type.bundle.unit-test";
		};
		57CACF0929CF8684008D17E3 /* NewsApp */ = {
			isa = PBXNativeTarget;
			buildConfigurationList = 57CACF2129CF868A008D17E3 /* Build configuration list for PBXNativeTarget "NewsApp" */;
			buildPhases = (
				57CACF0629CF8684008D17E3 /* Sources */,
				57CACF0729CF8684008D17E3 /* Frameworks */,
				57CACF0829CF8684008D17E3 /* Resources */,
			);
			buildRules = (
			);
			dependencies = (
			);
			name = NewsApp;
			packageProductDependencies = (
				577BE33829D5A876001DA88A /* Alamofire */,
				575DEB4D29E6141A00E425E2 /* FirebaseAnalytics */,
				575DEB4F29E6141A00E425E2 /* FirebaseAuth */,
				57E5E33429EAC037008FBA45 /* Lottie */,
			);
			productName = NewsApp;
			productReference = 57CACF0A29CF8684008D17E3 /* NewsApp.app */;
			productType = "com.apple.product-type.application";
		};
/* End PBXNativeTarget section */

/* Begin PBXProject section */
		57CACF0229CF8684008D17E3 /* Project object */ = {
			isa = PBXProject;
			attributes = {
				BuildIndependentTargetsInParallel = 1;
				LastSwiftUpdateCheck = 1400;
				LastUpgradeCheck = 1400;
				TargetAttributes = {
					575DEB4029E606E500E425E2 = {
						CreatedOnToolsVersion = 14.0;
						TestTargetID = 57CACF0929CF8684008D17E3;
					};
					57CACF0929CF8684008D17E3 = {
						CreatedOnToolsVersion = 14.0;
					};
				};
			};
			buildConfigurationList = 57CACF0529CF8684008D17E3 /* Build configuration list for PBXProject "NewsApp" */;
			compatibilityVersion = "Xcode 14.0";
			developmentRegion = en;
			hasScannedForEncodings = 0;
			knownRegions = (
				en,
				Base,
			);
			mainGroup = 57CACF0129CF8684008D17E3;
			packageReferences = (
				577BE33729D5A876001DA88A /* XCRemoteSwiftPackageReference "Alamofire" */,
				575DEB4C29E6141A00E425E2 /* XCRemoteSwiftPackageReference "firebase-ios-sdk" */,
				57E5E33329EAC037008FBA45 /* XCRemoteSwiftPackageReference "lottie-ios" */,
			);
			productRefGroup = 57CACF0B29CF8684008D17E3 /* Products */;
			projectDirPath = "";
			projectRoot = "";
			targets = (
				57CACF0929CF8684008D17E3 /* NewsApp */,
				575DEB4029E606E500E425E2 /* NewsAppTests */,
			);
		};
/* End PBXProject section */

/* Begin PBXResourcesBuildPhase section */
		575DEB3F29E606E500E425E2 /* Resources */ = {
			isa = PBXResourcesBuildPhase;
			buildActionMask = 2147483647;
			files = (
			);
			runOnlyForDeploymentPostprocessing = 0;
		};
		57CACF0829CF8684008D17E3 /* Resources */ = {
			isa = PBXResourcesBuildPhase;
			buildActionMask = 2147483647;
			files = (
				57CACF1D29CF868A008D17E3 /* LaunchScreen.storyboard in Resources */,
				57E5E33729EACDB3008FBA45 /* news.json in Resources */,
				575DEB4B29E6110B00E425E2 /* GoogleService-Info.plist in Resources */,
				57CACF1A29CF868A008D17E3 /* Assets.xcassets in Resources */,
				57CACF1529CF8684008D17E3 /* Main.storyboard in Resources */,
			);
			runOnlyForDeploymentPostprocessing = 0;
		};
/* End PBXResourcesBuildPhase section */

/* Begin PBXSourcesBuildPhase section */
		575DEB3D29E606E500E425E2 /* Sources */ = {
			isa = PBXSourcesBuildPhase;
			buildActionMask = 2147483647;
			files = (
				575DEB4429E606E500E425E2 /* NewsAppTests.swift in Sources */,
			);
			runOnlyForDeploymentPostprocessing = 0;
		};
		57CACF0629CF8684008D17E3 /* Sources */ = {
			isa = PBXSourcesBuildPhase;
			buildActionMask = 2147483647;
			files = (
				575DEB5429E6BD4800E425E2 /* BookmarksViewController.swift in Sources */,
				57AFBA8A29E9FFD500D50F15 /* CustomCollectionViewCell.swift in Sources */,
				577BE33B29D5A8A7001DA88A /* NewsAPIResult.swift in Sources */,
				571F864F29DF0A4F00F06DE8 /* SearchViewController.swift in Sources */,
				57CACF1229CF8684008D17E3 /* MainViewController.swift in Sources */,
				575DEB5A29E7660300E425E2 /* CoreDataModel.xcdatamodeld in Sources */,
				577BE33D29D5B7D8001DA88A /* NewsTableViewCell.swift in Sources */,
				575DEB5C29E8117200E425E2 /* CoreDataStack.swift in Sources */,
				577BE33629D5A819001DA88A /* NewsAPIHelper.swift in Sources */,
				575DEB6029E8237900E425E2 /* CD_ArticleRepository.swift in Sources */,
				57CACF0E29CF8684008D17E3 /* AppDelegate.swift in Sources */,
				575DEB5E29E8156600E425E2 /* CD_Article.swift in Sources */,
				57CACF1029CF8684008D17E3 /* SceneDelegate.swift in Sources */,
				575DEB5629E6C0DF00E425E2 /* WebNiewsViewController.swift in Sources */,
			);
			runOnlyForDeploymentPostprocessing = 0;
		};
/* End PBXSourcesBuildPhase section */

/* Begin PBXTargetDependency section */
		575DEB4629E606E500E425E2 /* PBXTargetDependency */ = {
			isa = PBXTargetDependency;
			target = 57CACF0929CF8684008D17E3 /* NewsApp */;
			targetProxy = 575DEB4529E606E500E425E2 /* PBXContainerItemProxy */;
		};
/* End PBXTargetDependency section */

/* Begin PBXVariantGroup section */
		57CACF1329CF8684008D17E3 /* Main.storyboard */ = {
			isa = PBXVariantGroup;
			children = (
				57CACF1429CF8684008D17E3 /* Base */,
			);
			name = Main.storyboard;
			sourceTree = "<group>";
		};
		57CACF1B29CF868A008D17E3 /* LaunchScreen.storyboard */ = {
			isa = PBXVariantGroup;
			children = (
				57CACF1C29CF868A008D17E3 /* Base */,
			);
			name = LaunchScreen.storyboard;
			sourceTree = "<group>";
		};
/* End PBXVariantGroup section */

/* Begin XCBuildConfiguration section */
		575DEB4729E606E500E425E2 /* Debug */ = {
			isa = XCBuildConfiguration;
			buildSettings = {
				BUNDLE_LOADER = "$(TEST_HOST)";
				CODE_SIGN_STYLE = Automatic;
				CURRENT_PROJECT_VERSION = 1;
				GENERATE_INFOPLIST_FILE = YES;
				MARKETING_VERSION = 1.0;
				PRODUCT_BUNDLE_IDENTIFIER = com.zerouta.wassim.NewsAppTests;
				PRODUCT_NAME = "$(TARGET_NAME)";
				SWIFT_EMIT_LOC_STRINGS = NO;
				SWIFT_VERSION = 5.0;
				TARGETED_DEVICE_FAMILY = "1,2";
				TEST_HOST = "$(BUILT_PRODUCTS_DIR)/NewsApp.app/$(BUNDLE_EXECUTABLE_FOLDER_PATH)/NewsApp";
			};
			name = Debug;
		};
		575DEB4829E606E500E425E2 /* Release */ = {
			isa = XCBuildConfiguration;
			buildSettings = {
				BUNDLE_LOADER = "$(TEST_HOST)";
				CODE_SIGN_STYLE = Automatic;
				CURRENT_PROJECT_VERSION = 1;
				GENERATE_INFOPLIST_FILE = YES;
				MARKETING_VERSION = 1.0;
				PRODUCT_BUNDLE_IDENTIFIER = com.zerouta.wassim.NewsAppTests;
				PRODUCT_NAME = "$(TARGET_NAME)";
				SWIFT_EMIT_LOC_STRINGS = NO;
				SWIFT_VERSION = 5.0;
				TARGETED_DEVICE_FAMILY = "1,2";
				TEST_HOST = "$(BUILT_PRODUCTS_DIR)/NewsApp.app/$(BUNDLE_EXECUTABLE_FOLDER_PATH)/NewsApp";
			};
			name = Release;
		};
		57CACF1F29CF868A008D17E3 /* Debug */ = {
			isa = XCBuildConfiguration;
			buildSettings = {
				ALWAYS_SEARCH_USER_PATHS = NO;
				CLANG_ANALYZER_NONNULL = YES;
				CLANG_ANALYZER_NUMBER_OBJECT_CONVERSION = YES_AGGRESSIVE;
				CLANG_CXX_LANGUAGE_STANDARD = "gnu++20";
				CLANG_ENABLE_MODULES = YES;
				CLANG_ENABLE_OBJC_ARC = YES;
				CLANG_ENABLE_OBJC_WEAK = YES;
				CLANG_WARN_BLOCK_CAPTURE_AUTORELEASING = YES;
				CLANG_WARN_BOOL_CONVERSION = YES;
				CLANG_WARN_COMMA = YES;
				CLANG_WARN_CONSTANT_CONVERSION = YES;
				CLANG_WARN_DEPRECATED_OBJC_IMPLEMENTATIONS = YES;
				CLANG_WARN_DIRECT_OBJC_ISA_USAGE = YES_ERROR;
				CLANG_WARN_DOCUMENTATION_COMMENTS = YES;
				CLANG_WARN_EMPTY_BODY = YES;
				CLANG_WARN_ENUM_CONVERSION = YES;
				CLANG_WARN_INFINITE_RECURSION = YES;
				CLANG_WARN_INT_CONVERSION = YES;
				CLANG_WARN_NON_LITERAL_NULL_CONVERSION = YES;
				CLANG_WARN_OBJC_IMPLICIT_RETAIN_SELF = YES;
				CLANG_WARN_OBJC_LITERAL_CONVERSION = YES;
				CLANG_WARN_OBJC_ROOT_CLASS = YES_ERROR;
				CLANG_WARN_QUOTED_INCLUDE_IN_FRAMEWORK_HEADER = YES;
				CLANG_WARN_RANGE_LOOP_ANALYSIS = YES;
				CLANG_WARN_STRICT_PROTOTYPES = YES;
				CLANG_WARN_SUSPICIOUS_MOVE = YES;
				CLANG_WARN_UNGUARDED_AVAILABILITY = YES_AGGRESSIVE;
				CLANG_WARN_UNREACHABLE_CODE = YES;
				CLANG_WARN__DUPLICATE_METHOD_MATCH = YES;
				COPY_PHASE_STRIP = NO;
				DEBUG_INFORMATION_FORMAT = dwarf;
				ENABLE_STRICT_OBJC_MSGSEND = YES;
				ENABLE_TESTABILITY = YES;
				GCC_C_LANGUAGE_STANDARD = gnu11;
				GCC_DYNAMIC_NO_PIC = NO;
				GCC_NO_COMMON_BLOCKS = YES;
				GCC_OPTIMIZATION_LEVEL = 0;
				GCC_PREPROCESSOR_DEFINITIONS = (
					"DEBUG=1",
					"$(inherited)",
				);
				GCC_WARN_64_TO_32_BIT_CONVERSION = YES;
				GCC_WARN_ABOUT_RETURN_TYPE = YES_ERROR;
				GCC_WARN_UNDECLARED_SELECTOR = YES;
				GCC_WARN_UNINITIALIZED_AUTOS = YES_AGGRESSIVE;
				GCC_WARN_UNUSED_FUNCTION = YES;
				GCC_WARN_UNUSED_VARIABLE = YES;
				IPHONEOS_DEPLOYMENT_TARGET = 16.0;
				MTL_ENABLE_DEBUG_INFO = INCLUDE_SOURCE;
				MTL_FAST_MATH = YES;
				ONLY_ACTIVE_ARCH = YES;
				SDKROOT = iphoneos;
				SWIFT_ACTIVE_COMPILATION_CONDITIONS = DEBUG;
				SWIFT_OPTIMIZATION_LEVEL = "-Onone";
			};
			name = Debug;
		};
		57CACF2029CF868A008D17E3 /* Release */ = {
			isa = XCBuildConfiguration;
			buildSettings = {
				ALWAYS_SEARCH_USER_PATHS = NO;
				CLANG_ANALYZER_NONNULL = YES;
				CLANG_ANALYZER_NUMBER_OBJECT_CONVERSION = YES_AGGRESSIVE;
				CLANG_CXX_LANGUAGE_STANDARD = "gnu++20";
				CLANG_ENABLE_MODULES = YES;
				CLANG_ENABLE_OBJC_ARC = YES;
				CLANG_ENABLE_OBJC_WEAK = YES;
				CLANG_WARN_BLOCK_CAPTURE_AUTORELEASING = YES;
				CLANG_WARN_BOOL_CONVERSION = YES;
				CLANG_WARN_COMMA = YES;
				CLANG_WARN_CONSTANT_CONVERSION = YES;
				CLANG_WARN_DEPRECATED_OBJC_IMPLEMENTATIONS = YES;
				CLANG_WARN_DIRECT_OBJC_ISA_USAGE = YES_ERROR;
				CLANG_WARN_DOCUMENTATION_COMMENTS = YES;
				CLANG_WARN_EMPTY_BODY = YES;
				CLANG_WARN_ENUM_CONVERSION = YES;
				CLANG_WARN_INFINITE_RECURSION = YES;
				CLANG_WARN_INT_CONVERSION = YES;
				CLANG_WARN_NON_LITERAL_NULL_CONVERSION = YES;
				CLANG_WARN_OBJC_IMPLICIT_RETAIN_SELF = YES;
				CLANG_WARN_OBJC_LITERAL_CONVERSION = YES;
				CLANG_WARN_OBJC_ROOT_CLASS = YES_ERROR;
				CLANG_WARN_QUOTED_INCLUDE_IN_FRAMEWORK_HEADER = YES;
				CLANG_WARN_RANGE_LOOP_ANALYSIS = YES;
				CLANG_WARN_STRICT_PROTOTYPES = YES;
				CLANG_WARN_SUSPICIOUS_MOVE = YES;
				CLANG_WARN_UNGUARDED_AVAILABILITY = YES_AGGRESSIVE;
				CLANG_WARN_UNREACHABLE_CODE = YES;
				CLANG_WARN__DUPLICATE_METHOD_MATCH = YES;
				COPY_PHASE_STRIP = NO;
				DEBUG_INFORMATION_FORMAT = "dwarf-with-dsym";
				ENABLE_NS_ASSERTIONS = NO;
				ENABLE_STRICT_OBJC_MSGSEND = YES;
				GCC_C_LANGUAGE_STANDARD = gnu11;
				GCC_NO_COMMON_BLOCKS = YES;
				GCC_WARN_64_TO_32_BIT_CONVERSION = YES;
				GCC_WARN_ABOUT_RETURN_TYPE = YES_ERROR;
				GCC_WARN_UNDECLARED_SELECTOR = YES;
				GCC_WARN_UNINITIALIZED_AUTOS = YES_AGGRESSIVE;
				GCC_WARN_UNUSED_FUNCTION = YES;
				GCC_WARN_UNUSED_VARIABLE = YES;
				IPHONEOS_DEPLOYMENT_TARGET = 16.0;
				MTL_ENABLE_DEBUG_INFO = NO;
				MTL_FAST_MATH = YES;
				SDKROOT = iphoneos;
				SWIFT_COMPILATION_MODE = wholemodule;
				SWIFT_OPTIMIZATION_LEVEL = "-O";
				VALIDATE_PRODUCT = YES;
			};
			name = Release;
		};
		57CACF2229CF868A008D17E3 /* Debug */ = {
			isa = XCBuildConfiguration;
			buildSettings = {
				ASSETCATALOG_COMPILER_APPICON_NAME = AppIcon;
				ASSETCATALOG_COMPILER_GLOBAL_ACCENT_COLOR_NAME = AccentColor;
				CODE_SIGN_STYLE = Automatic;
				CURRENT_PROJECT_VERSION = 1;
				GENERATE_INFOPLIST_FILE = YES;
				INFOPLIST_FILE = NewsApp/Others/Info.plist;
				INFOPLIST_KEY_UIApplicationSupportsIndirectInputEvents = YES;
				INFOPLIST_KEY_UILaunchStoryboardName = LaunchScreen;
				INFOPLIST_KEY_UIMainStoryboardFile = Main;
				INFOPLIST_KEY_UISupportedInterfaceOrientations_iPad = "UIInterfaceOrientationPortrait UIInterfaceOrientationPortraitUpsideDown UIInterfaceOrientationLandscapeLeft UIInterfaceOrientationLandscapeRight";
				INFOPLIST_KEY_UISupportedInterfaceOrientations_iPhone = "UIInterfaceOrientationPortrait UIInterfaceOrientationLandscapeLeft UIInterfaceOrientationLandscapeRight";
				LD_RUNPATH_SEARCH_PATHS = (
					"$(inherited)",
					"@executable_path/Frameworks",
				);
				MARKETING_VERSION = 1.0;
				PRODUCT_BUNDLE_IDENTIFIER = com.zerouta.wassim.NewsApp;
				PRODUCT_NAME = "$(TARGET_NAME)";
				SWIFT_EMIT_LOC_STRINGS = YES;
				SWIFT_VERSION = 5.0;
				TARGETED_DEVICE_FAMILY = "1,2";
			};
			name = Debug;
		};
		57CACF2329CF868A008D17E3 /* Release */ = {
			isa = XCBuildConfiguration;
			buildSettings = {
				ASSETCATALOG_COMPILER_APPICON_NAME = AppIcon;
				ASSETCATALOG_COMPILER_GLOBAL_ACCENT_COLOR_NAME = AccentColor;
				CODE_SIGN_STYLE = Automatic;
				CURRENT_PROJECT_VERSION = 1;
				GENERATE_INFOPLIST_FILE = YES;
				INFOPLIST_FILE = NewsApp/Others/Info.plist;
				INFOPLIST_KEY_UIApplicationSupportsIndirectInputEvents = YES;
				INFOPLIST_KEY_UILaunchStoryboardName = LaunchScreen;
				INFOPLIST_KEY_UIMainStoryboardFile = Main;
				INFOPLIST_KEY_UISupportedInterfaceOrientations_iPad = "UIInterfaceOrientationPortrait UIInterfaceOrientationPortraitUpsideDown UIInterfaceOrientationLandscapeLeft UIInterfaceOrientationLandscapeRight";
				INFOPLIST_KEY_UISupportedInterfaceOrientations_iPhone = "UIInterfaceOrientationPortrait UIInterfaceOrientationLandscapeLeft UIInterfaceOrientationLandscapeRight";
				LD_RUNPATH_SEARCH_PATHS = (
					"$(inherited)",
					"@executable_path/Frameworks",
				);
				MARKETING_VERSION = 1.0;
				PRODUCT_BUNDLE_IDENTIFIER = com.zerouta.wassim.NewsApp;
				PRODUCT_NAME = "$(TARGET_NAME)";
				SWIFT_EMIT_LOC_STRINGS = YES;
				SWIFT_VERSION = 5.0;
				TARGETED_DEVICE_FAMILY = "1,2";
			};
			name = Release;
		};
/* End XCBuildConfiguration section */

/* Begin XCConfigurationList section */
		575DEB4929E606E500E425E2 /* Build configuration list for PBXNativeTarget "NewsAppTests" */ = {
			isa = XCConfigurationList;
			buildConfigurations = (
				575DEB4729E606E500E425E2 /* Debug */,
				575DEB4829E606E500E425E2 /* Release */,
			);
			defaultConfigurationIsVisible = 0;
			defaultConfigurationName = Release;
		};
		57CACF0529CF8684008D17E3 /* Build configuration list for PBXProject "NewsApp" */ = {
			isa = XCConfigurationList;
			buildConfigurations = (
				57CACF1F29CF868A008D17E3 /* Debug */,
				57CACF2029CF868A008D17E3 /* Release */,
			);
			defaultConfigurationIsVisible = 0;
			defaultConfigurationName = Release;
		};
		57CACF2129CF868A008D17E3 /* Build configuration list for PBXNativeTarget "NewsApp" */ = {
			isa = XCConfigurationList;
			buildConfigurations = (
				57CACF2229CF868A008D17E3 /* Debug */,
				57CACF2329CF868A008D17E3 /* Release */,
			);
			defaultConfigurationIsVisible = 0;
			defaultConfigurationName = Release;
		};
/* End XCConfigurationList section */

/* Begin XCRemoteSwiftPackageReference section */
		575DEB4C29E6141A00E425E2 /* XCRemoteSwiftPackageReference "firebase-ios-sdk" */ = {
			isa = XCRemoteSwiftPackageReference;
			repositoryURL = "https://github.com/firebase/firebase-ios-sdk";
			requirement = {
				kind = upToNextMajorVersion;
				minimumVersion = 9.0.0;
			};
		};
		577BE33729D5A876001DA88A /* XCRemoteSwiftPackageReference "Alamofire" */ = {
			isa = XCRemoteSwiftPackageReference;
			repositoryURL = "https://github.com/Alamofire/Alamofire.git";
			requirement = {
				branch = master;
				kind = branch;
			};
		};
		57E5E33329EAC037008FBA45 /* XCRemoteSwiftPackageReference "lottie-ios" */ = {
			isa = XCRemoteSwiftPackageReference;
			repositoryURL = "https://github.com/airbnb/lottie-ios.git";
			requirement = {
				branch = master;
				kind = branch;
			};
		};
/* End XCRemoteSwiftPackageReference section */

/* Begin XCSwiftPackageProductDependency section */
		575DEB4D29E6141A00E425E2 /* FirebaseAnalytics */ = {
			isa = XCSwiftPackageProductDependency;
			package = 575DEB4C29E6141A00E425E2 /* XCRemoteSwiftPackageReference "firebase-ios-sdk" */;
			productName = FirebaseAnalytics;
		};
		575DEB4F29E6141A00E425E2 /* FirebaseAuth */ = {
			isa = XCSwiftPackageProductDependency;
			package = 575DEB4C29E6141A00E425E2 /* XCRemoteSwiftPackageReference "firebase-ios-sdk" */;
			productName = FirebaseAuth;
		};
		577BE33829D5A876001DA88A /* Alamofire */ = {
			isa = XCSwiftPackageProductDependency;
			package = 577BE33729D5A876001DA88A /* XCRemoteSwiftPackageReference "Alamofire" */;
			productName = Alamofire;
		};
		57E5E33429EAC037008FBA45 /* Lottie */ = {
			isa = XCSwiftPackageProductDependency;
			package = 57E5E33329EAC037008FBA45 /* XCRemoteSwiftPackageReference "lottie-ios" */;
			productName = Lottie;
		};
/* End XCSwiftPackageProductDependency section */

/* Begin XCVersionGroup section */
		575DEB5829E7660300E425E2 /* CoreDataModel.xcdatamodeld */ = {
			isa = XCVersionGroup;
			children = (
				575DEB5929E7660300E425E2 /* CoreDataModel.xcdatamodel */,
			);
			currentVersion = 575DEB5929E7660300E425E2 /* CoreDataModel.xcdatamodel */;
			path = CoreDataModel.xcdatamodeld;
			sourceTree = "<group>";
			versionGroupType = wrapper.xcdatamodel;
		};
/* End XCVersionGroup section */
	};
	rootObject = 57CACF0229CF8684008D17E3 /* Project object */;
}
